// !$*UTF8*$!
{
	archiveVersion = 1;
	classes = {
	};
	objectVersion = 46;
	objects = {

/* Begin PBXBuildFile section */
		0701A2A21EEE005900E0D9E4 /* AppDelegate.m in Sources */ = {isa = PBXBuildFile; fileRef = 0701A2A11EEE005900E0D9E4 /* AppDelegate.m */; };
		0701A2A51EEE005900E0D9E4 /* main.m in Sources */ = {isa = PBXBuildFile; fileRef = 0701A2A41EEE005900E0D9E4 /* main.m */; };
		0701A2AA1EEE005900E0D9E4 /* Assets.xcassets in Resources */ = {isa = PBXBuildFile; fileRef = 0701A2A91EEE005900E0D9E4 /* Assets.xcassets */; };
		0701A2AD1EEE005900E0D9E4 /* Main.storyboard in Resources */ = {isa = PBXBuildFile; fileRef = 0701A2AB1EEE005900E0D9E4 /* Main.storyboard */; };
		0701A2B71EEE037F00E0D9E4 /* NightShiftController.m in Sources */ = {isa = PBXBuildFile; fileRef = 0701A2B51EEE037F00E0D9E4 /* NightShiftController.m */; };
		0701A2B81EEE037F00E0D9E4 /* NightShiftController.xib in Resources */ = {isa = PBXBuildFile; fileRef = 0701A2B61EEE037F00E0D9E4 /* NightShiftController.xib */; };
		0701A2BB1EEE07D300E0D9E4 /* CoreBrightness.framework in Frameworks */ = {isa = PBXBuildFile; fileRef = 0701A2BA1EEE07D300E0D9E4 /* CoreBrightness.framework */; };
		07A369571EEF04B900103EF2 /* main.m in Sources */ = {isa = PBXBuildFile; fileRef = 07A369561EEF04B900103EF2 /* main.m */; };
		07A3695D1EEF079400103EF2 /* NightShifterCommandLine.m in Sources */ = {isa = PBXBuildFile; fileRef = 07A3695C1EEF079400103EF2 /* NightShifterCommandLine.m */; };
		07A3695E1EEF116B00103EF2 /* CoreBrightness.framework in Frameworks */ = {isa = PBXBuildFile; fileRef = 0701A2BA1EEE07D300E0D9E4 /* CoreBrightness.framework */; };
/* End PBXBuildFile section */

/* Begin PBXCopyFilesBuildPhase section */
		07A369521EEF04B900103EF2 /* CopyFiles */ = {
			isa = PBXCopyFilesBuildPhase;
			buildActionMask = 2147483647;
			dstPath = /usr/share/man/man1/;
			dstSubfolderSpec = 0;
			files = (
			);
			runOnlyForDeploymentPostprocessing = 1;
		};
/* End PBXCopyFilesBuildPhase section */

/* Begin PBXFileReference section */
		0701A29D1EEE005900E0D9E4 /* NightShifter.app */ = {isa = PBXFileReference; explicitFileType = wrapper.application; includeInIndex = 0; path = NightShifter.app; sourceTree = BUILT_PRODUCTS_DIR; };
		0701A2A01EEE005900E0D9E4 /* AppDelegate.h */ = {isa = PBXFileReference; lastKnownFileType = sourcecode.c.h; path = AppDelegate.h; sourceTree = "<group>"; };
		0701A2A11EEE005900E0D9E4 /* AppDelegate.m */ = {isa = PBXFileReference; lastKnownFileType = sourcecode.c.objc; path = AppDelegate.m; sourceTree = "<group>"; };
		0701A2A41EEE005900E0D9E4 /* main.m */ = {isa = PBXFileReference; lastKnownFileType = sourcecode.c.objc; path = main.m; sourceTree = "<group>"; };
		0701A2A91EEE005900E0D9E4 /* Assets.xcassets */ = {isa = PBXFileReference; lastKnownFileType = folder.assetcatalog; path = Assets.xcassets; sourceTree = "<group>"; };
		0701A2AC1EEE005900E0D9E4 /* Base */ = {isa = PBXFileReference; lastKnownFileType = file.storyboard; name = Base; path = Base.lproj/Main.storyboard; sourceTree = "<group>"; };
		0701A2AE1EEE005900E0D9E4 /* Info.plist */ = {isa = PBXFileReference; lastKnownFileType = text.plist.xml; path = Info.plist; sourceTree = "<group>"; };
		0701A2B41EEE037F00E0D9E4 /* NightShiftController.h */ = {isa = PBXFileReference; fileEncoding = 4; lastKnownFileType = sourcecode.c.h; name = NightShiftController.h; path = ../NightShiftController.h; sourceTree = "<group>"; };
		0701A2B51EEE037F00E0D9E4 /* NightShiftController.m */ = {isa = PBXFileReference; fileEncoding = 4; lastKnownFileType = sourcecode.c.objc; name = NightShiftController.m; path = ../NightShiftController.m; sourceTree = "<group>"; };
		0701A2B61EEE037F00E0D9E4 /* NightShiftController.xib */ = {isa = PBXFileReference; fileEncoding = 4; lastKnownFileType = file.xib; name = NightShiftController.xib; path = ../NightShiftController.xib; sourceTree = "<group>"; };
		0701A2BA1EEE07D300E0D9E4 /* CoreBrightness.framework */ = {isa = PBXFileReference; lastKnownFileType = wrapper.framework; name = CoreBrightness.framework; path = ../../../../System/Library/PrivateFrameworks/CoreBrightness.framework; sourceTree = "<group>"; };
		0701A2BC1EEE0EEB00E0D9E4 /* CBBlueLightClient.h */ = {isa = PBXFileReference; lastKnownFileType = sourcecode.c.h; path = CBBlueLightClient.h; sourceTree = "<group>"; };
		07A369541EEF04B900103EF2 /* shifter */ = {isa = PBXFileReference; explicitFileType = "compiled.mach-o.executable"; includeInIndex = 0; path = shifter; sourceTree = BUILT_PRODUCTS_DIR; };
		07A369561EEF04B900103EF2 /* main.m */ = {isa = PBXFileReference; lastKnownFileType = sourcecode.c.objc; path = main.m; sourceTree = "<group>"; };
		07A3695B1EEF079400103EF2 /* NightShifterCommandLine.h */ = {isa = PBXFileReference; fileEncoding = 4; lastKnownFileType = sourcecode.c.h; path = NightShifterCommandLine.h; sourceTree = "<group>"; };
		07A3695C1EEF079400103EF2 /* NightShifterCommandLine.m */ = {isa = PBXFileReference; fileEncoding = 4; lastKnownFileType = sourcecode.c.objc; path = NightShifterCommandLine.m; sourceTree = "<group>"; };
/* End PBXFileReference section */

/* Begin PBXFrameworksBuildPhase section */
		0701A29A1EEE005900E0D9E4 /* Frameworks */ = {
			isa = PBXFrameworksBuildPhase;
			buildActionMask = 2147483647;
			files = (
				0701A2BB1EEE07D300E0D9E4 /* CoreBrightness.framework in Frameworks */,
			);
			runOnlyForDeploymentPostprocessing = 0;
		};
		07A369511EEF04B900103EF2 /* Frameworks */ = {
			isa = PBXFrameworksBuildPhase;
			buildActionMask = 2147483647;
			files = (
				07A3695E1EEF116B00103EF2 /* CoreBrightness.framework in Frameworks */,
			);
			runOnlyForDeploymentPostprocessing = 0;
		};
/* End PBXFrameworksBuildPhase section */

/* Begin PBXGroup section */
		0701A2941EEE005900E0D9E4 = {
			isa = PBXGroup;
			children = (
				0701A29F1EEE005900E0D9E4 /* NightShifter */,
				07A369551EEF04B900103EF2 /* shifter */,
				0701A29E1EEE005900E0D9E4 /* Products */,
				0701A2B91EEE07D300E0D9E4 /* Frameworks */,
			);
			sourceTree = "<group>";
		};
		0701A29E1EEE005900E0D9E4 /* Products */ = {
			isa = PBXGroup;
			children = (
				0701A29D1EEE005900E0D9E4 /* NightShifter.app */,
				07A369541EEF04B900103EF2 /* shifter */,
			);
			name = Products;
			sourceTree = "<group>";
		};
		0701A29F1EEE005900E0D9E4 /* NightShifter */ = {
			isa = PBXGroup;
			children = (
				0701A2A01EEE005900E0D9E4 /* AppDelegate.h */,
				0701A2A11EEE005900E0D9E4 /* AppDelegate.m */,
				0701A2B41EEE037F00E0D9E4 /* NightShiftController.h */,
				0701A2B51EEE037F00E0D9E4 /* NightShiftController.m */,
				0701A2B61EEE037F00E0D9E4 /* NightShiftController.xib */,
				0701A2BC1EEE0EEB00E0D9E4 /* CBBlueLightClient.h */,
				0701A2A91EEE005900E0D9E4 /* Assets.xcassets */,
				0701A2AB1EEE005900E0D9E4 /* Main.storyboard */,
				0701A2AE1EEE005900E0D9E4 /* Info.plist */,
				0701A2A31EEE005900E0D9E4 /* Supporting Files */,
			);
			path = NightShifter;
			sourceTree = "<group>";
		};
		0701A2A31EEE005900E0D9E4 /* Supporting Files */ = {
			isa = PBXGroup;
			children = (
				0701A2A41EEE005900E0D9E4 /* main.m */,
			);
			name = "Supporting Files";
			sourceTree = "<group>";
		};
		0701A2B91EEE07D300E0D9E4 /* Frameworks */ = {
			isa = PBXGroup;
			children = (
				0701A2BA1EEE07D300E0D9E4 /* CoreBrightness.framework */,
			);
			name = Frameworks;
			sourceTree = "<group>";
		};
		07A369551EEF04B900103EF2 /* shifter */ = {
			isa = PBXGroup;
			children = (
				07A369561EEF04B900103EF2 /* main.m */,
				07A3695B1EEF079400103EF2 /* NightShifterCommandLine.h */,
				07A3695C1EEF079400103EF2 /* NightShifterCommandLine.m */,
			);
			name = shifter;
			path = nightshifter;
			sourceTree = "<group>";
		};
/* End PBXGroup section */

/* Begin PBXNativeTarget section */
		0701A29C1EEE005900E0D9E4 /* NightShifter */ = {
			isa = PBXNativeTarget;
			buildConfigurationList = 0701A2B11EEE005900E0D9E4 /* Build configuration list for PBXNativeTarget "NightShifter" */;
			buildPhases = (
				0701A2991EEE005900E0D9E4 /* Sources */,
				0701A29A1EEE005900E0D9E4 /* Frameworks */,
				0701A29B1EEE005900E0D9E4 /* Resources */,
			);
			buildRules = (
			);
			dependencies = (
			);
			name = NightShifter;
			productName = NightShifter;
			productReference = 0701A29D1EEE005900E0D9E4 /* NightShifter.app */;
			productType = "com.apple.product-type.application";
		};
		07A369531EEF04B900103EF2 /* shifter */ = {
			isa = PBXNativeTarget;
			buildConfigurationList = 07A369581EEF04B900103EF2 /* Build configuration list for PBXNativeTarget "shifter" */;
			buildPhases = (
				07A369501EEF04B900103EF2 /* Sources */,
				07A369511EEF04B900103EF2 /* Frameworks */,
				07A369521EEF04B900103EF2 /* CopyFiles */,
			);
			buildRules = (
			);
			dependencies = (
			);
			name = shifter;
			productName = nightshifter;
			productReference = 07A369541EEF04B900103EF2 /* shifter */;
			productType = "com.apple.product-type.tool";
		};
/* End PBXNativeTarget section */

/* Begin PBXProject section */
		0701A2951EEE005900E0D9E4 /* Project object */ = {
			isa = PBXProject;
			attributes = {
				LastUpgradeCheck = 0830;
				ORGANIZATIONNAME = "Eric Lanini";
				TargetAttributes = {
					0701A29C1EEE005900E0D9E4 = {
						CreatedOnToolsVersion = 8.3.2;
						DevelopmentTeam = L6ZT8BRWQB;
						ProvisioningStyle = Automatic;
						SystemCapabilities = {
							com.apple.Sandbox = {
								enabled = 0;
							};
						};
					};
					07A369531EEF04B900103EF2 = {
						CreatedOnToolsVersion = 8.3.2;
						DevelopmentTeam = L6ZT8BRWQB;
						ProvisioningStyle = Automatic;
					};
				};
			};
			buildConfigurationList = 0701A2981EEE005900E0D9E4 /* Build configuration list for PBXProject "NightShifter" */;
			compatibilityVersion = "Xcode 3.2";
			developmentRegion = English;
			hasScannedForEncodings = 0;
			knownRegions = (
				en,
				Base,
			);
			mainGroup = 0701A2941EEE005900E0D9E4;
			productRefGroup = 0701A29E1EEE005900E0D9E4 /* Products */;
			projectDirPath = "";
			projectRoot = "";
			targets = (
				0701A29C1EEE005900E0D9E4 /* NightShifter */,
				07A369531EEF04B900103EF2 /* shifter */,
			);
		};
/* End PBXProject section */

/* Begin PBXResourcesBuildPhase section */
		0701A29B1EEE005900E0D9E4 /* Resources */ = {
			isa = PBXResourcesBuildPhase;
			buildActionMask = 2147483647;
			files = (
				0701A2AA1EEE005900E0D9E4 /* Assets.xcassets in Resources */,
				0701A2B81EEE037F00E0D9E4 /* NightShiftController.xib in Resources */,
				0701A2AD1EEE005900E0D9E4 /* Main.storyboard in Resources */,
			);
			runOnlyForDeploymentPostprocessing = 0;
		};
/* End PBXResourcesBuildPhase section */

/* Begin PBXSourcesBuildPhase section */
		0701A2991EEE005900E0D9E4 /* Sources */ = {
			isa = PBXSourcesBuildPhase;
			buildActionMask = 2147483647;
			files = (
				0701A2B71EEE037F00E0D9E4 /* NightShiftController.m in Sources */,
				0701A2A51EEE005900E0D9E4 /* main.m in Sources */,
				0701A2A21EEE005900E0D9E4 /* AppDelegate.m in Sources */,
			);
			runOnlyForDeploymentPostprocessing = 0;
		};
		07A369501EEF04B900103EF2 /* Sources */ = {
			isa = PBXSourcesBuildPhase;
			buildActionMask = 2147483647;
			files = (
				07A3695D1EEF079400103EF2 /* NightShifterCommandLine.m in Sources */,
				07A369571EEF04B900103EF2 /* main.m in Sources */,
			);
			runOnlyForDeploymentPostprocessing = 0;
		};
/* End PBXSourcesBuildPhase section */

/* Begin PBXVariantGroup section */
		0701A2AB1EEE005900E0D9E4 /* Main.storyboard */ = {
			isa = PBXVariantGroup;
			children = (
				0701A2AC1EEE005900E0D9E4 /* Base */,
			);
			name = Main.storyboard;
			sourceTree = "<group>";
		};
/* End PBXVariantGroup section */

/* Begin XCBuildConfiguration section */
		0701A2AF1EEE005900E0D9E4 /* Debug */ = {
			isa = XCBuildConfiguration;
			buildSettings = {
				ALWAYS_SEARCH_USER_PATHS = NO;
				CLANG_ANALYZER_NONNULL = YES;
				CLANG_ANALYZER_NUMBER_OBJECT_CONVERSION = YES_AGGRESSIVE;
				CLANG_CXX_LANGUAGE_STANDARD = "gnu++0x";
				CLANG_CXX_LIBRARY = "libc++";
				CLANG_ENABLE_MODULES = YES;
				CLANG_ENABLE_OBJC_ARC = YES;
				CLANG_WARN_BOOL_CONVERSION = YES;
				CLANG_WARN_CONSTANT_CONVERSION = YES;
				CLANG_WARN_DIRECT_OBJC_ISA_USAGE = YES_ERROR;
				CLANG_WARN_DOCUMENTATION_COMMENTS = YES;
				CLANG_WARN_EMPTY_BODY = YES;
				CLANG_WARN_ENUM_CONVERSION = YES;
				CLANG_WARN_INFINITE_RECURSION = YES;
				CLANG_WARN_INT_CONVERSION = YES;
				CLANG_WARN_OBJC_ROOT_CLASS = YES_ERROR;
				CLANG_WARN_SUSPICIOUS_MOVE = YES;
				CLANG_WARN_UNREACHABLE_CODE = YES;
				CLANG_WARN__DUPLICATE_METHOD_MATCH = YES;
				CODE_SIGN_IDENTITY = "-";
				COPY_PHASE_STRIP = NO;
				DEBUG_INFORMATION_FORMAT = dwarf;
				ENABLE_STRICT_OBJC_MSGSEND = YES;
				ENABLE_TESTABILITY = YES;
				GCC_C_LANGUAGE_STANDARD = gnu99;
				GCC_DYNAMIC_NO_PIC = NO;
				GCC_NO_COMMON_BLOCKS = YES;
				GCC_OPTIMIZATION_LEVEL = 0;
				GCC_PREPROCESSOR_DEFINITIONS = (
					"DEBUG=1",
					"$(inherited)",
				);
				GCC_WARN_64_TO_32_BIT_CONVERSION = YES;
				GCC_WARN_ABOUT_RETURN_TYPE = YES_ERROR;
				GCC_WARN_UNDECLARED_SELECTOR = YES;
				GCC_WARN_UNINITIALIZED_AUTOS = YES_AGGRESSIVE;
				GCC_WARN_UNUSED_FUNCTION = YES;
				GCC_WARN_UNUSED_VARIABLE = YES;
				MACOSX_DEPLOYMENT_TARGET = 10.12;
				MTL_ENABLE_DEBUG_INFO = YES;
				ONLY_ACTIVE_ARCH = YES;
				SDKROOT = macosx;
			};
			name = Debug;
		};
		0701A2B01EEE005900E0D9E4 /* Release */ = {
			isa = XCBuildConfiguration;
			buildSettings = {
				ALWAYS_SEARCH_USER_PATHS = NO;
				CLANG_ANALYZER_NONNULL = YES;
				CLANG_ANALYZER_NUMBER_OBJECT_CONVERSION = YES_AGGRESSIVE;
				CLANG_CXX_LANGUAGE_STANDARD = "gnu++0x";
				CLANG_CXX_LIBRARY = "libc++";
				CLANG_ENABLE_MODULES = YES;
				CLANG_ENABLE_OBJC_ARC = YES;
				CLANG_WARN_BOOL_CONVERSION = YES;
				CLANG_WARN_CONSTANT_CONVERSION = YES;
				CLANG_WARN_DIRECT_OBJC_ISA_USAGE = YES_ERROR;
				CLANG_WARN_DOCUMENTATION_COMMENTS = YES;
				CLANG_WARN_EMPTY_BODY = YES;
				CLANG_WARN_ENUM_CONVERSION = YES;
				CLANG_WARN_INFINITE_RECURSION = YES;
				CLANG_WARN_INT_CONVERSION = YES;
				CLANG_WARN_OBJC_ROOT_CLASS = YES_ERROR;
				CLANG_WARN_SUSPICIOUS_MOVE = YES;
				CLANG_WARN_UNREACHABLE_CODE = YES;
				CLANG_WARN__DUPLICATE_METHOD_MATCH = YES;
				CODE_SIGN_IDENTITY = "-";
				COPY_PHASE_STRIP = NO;
				DEBUG_INFORMATION_FORMAT = "dwarf-with-dsym";
				ENABLE_NS_ASSERTIONS = NO;
				ENABLE_STRICT_OBJC_MSGSEND = YES;
				GCC_C_LANGUAGE_STANDARD = gnu99;
				GCC_NO_COMMON_BLOCKS = YES;
				GCC_WARN_64_TO_32_BIT_CONVERSION = YES;
				GCC_WARN_ABOUT_RETURN_TYPE = YES_ERROR;
				GCC_WARN_UNDECLARED_SELECTOR = YES;
				GCC_WARN_UNINITIALIZED_AUTOS = YES_AGGRESSIVE;
				GCC_WARN_UNUSED_FUNCTION = YES;
				GCC_WARN_UNUSED_VARIABLE = YES;
				MACOSX_DEPLOYMENT_TARGET = 10.12;
				MTL_ENABLE_DEBUG_INFO = NO;
				SDKROOT = macosx;
			};
			name = Release;
		};
		0701A2B21EEE005900E0D9E4 /* Debug */ = {
			isa = XCBuildConfiguration;
			buildSettings = {
				ASSETCATALOG_COMPILER_APPICON_NAME = AppIcon;
				CODE_SIGN_ENTITLEMENTS = "";
				CODE_SIGN_IDENTITY = "Mac Developer";
				COMBINE_HIDPI_IMAGES = YES;
				DEVELOPMENT_TEAM = L6ZT8BRWQB;
				FRAMEWORK_SEARCH_PATHS = (
					"$(inherited)",
					"$(SYSTEM_LIBRARY_DIR)/PrivateFrameworks",
				);
				INFOPLIST_FILE = NightShifter/Info.plist;
				LD_RUNPATH_SEARCH_PATHS = "$(inherited) @executable_path/../Frameworks";
				MACOSX_DEPLOYMENT_TARGET = 10.12;
				PRODUCT_BUNDLE_IDENTIFIER = com.elanini.NightShifter;
				PRODUCT_NAME = "$(TARGET_NAME)";
				PROVISIONING_PROFILE_SPECIFIER = "";
			};
			name = Debug;
		};
		0701A2B31EEE005900E0D9E4 /* Release */ = {
			isa = XCBuildConfiguration;
			buildSettings = {
				ASSETCATALOG_COMPILER_APPICON_NAME = AppIcon;
				CODE_SIGN_ENTITLEMENTS = "";
				CODE_SIGN_IDENTITY = "Mac Developer";
				COMBINE_HIDPI_IMAGES = YES;
				DEVELOPMENT_TEAM = L6ZT8BRWQB;
				FRAMEWORK_SEARCH_PATHS = (
					"$(inherited)",
					"$(SYSTEM_LIBRARY_DIR)/PrivateFrameworks",
				);
				INFOPLIST_FILE = NightShifter/Info.plist;
				LD_RUNPATH_SEARCH_PATHS = "$(inherited) @executable_path/../Frameworks";
				MACOSX_DEPLOYMENT_TARGET = 10.12;
				PRODUCT_BUNDLE_IDENTIFIER = com.elanini.NightShifter;
				PRODUCT_NAME = "$(TARGET_NAME)";
				PROVISIONING_PROFILE_SPECIFIER = "";
			};
			name = Release;
		};
		07A369591EEF04B900103EF2 /* Debug */ = {
			isa = XCBuildConfiguration;
			buildSettings = {
				DEVELOPMENT_TEAM = L6ZT8BRWQB;
				FRAMEWORK_SEARCH_PATHS = (
					"$(inherited)",
					"$(SYSTEM_LIBRARY_DIR)/PrivateFrameworks",
				);
				PRODUCT_NAME = "$(TARGET_NAME)";
			};
			name = Debug;
		};
		07A3695A1EEF04B900103EF2 /* Release */ = {
			isa = XCBuildConfiguration;
			buildSettings = {
				DEVELOPMENT_TEAM = L6ZT8BRWQB;
				FRAMEWORK_SEARCH_PATHS = (
					"$(inherited)",
					"$(SYSTEM_LIBRARY_DIR)/PrivateFrameworks",
				);
				PRODUCT_NAME = "$(TARGET_NAME)";
			};
			name = Release;
		};
/* End XCBuildConfiguration section */

/* Begin XCConfigurationList section */
		0701A2981EEE005900E0D9E4 /* Build configuration list for PBXProject "NightShifter" */ = {
			isa = XCConfigurationList;
			buildConfigurations = (
				0701A2AF1EEE005900E0D9E4 /* Debug */,
				0701A2B01EEE005900E0D9E4 /* Release */,
			);
			defaultConfigurationIsVisible = 0;
			defaultConfigurationName = Release;
		};
		0701A2B11EEE005900E0D9E4 /* Build configuration list for PBXNativeTarget "NightShifter" */ = {
			isa = XCConfigurationList;
			buildConfigurations = (
				0701A2B21EEE005900E0D9E4 /* Debug */,
				0701A2B31EEE005900E0D9E4 /* Release */,
			);
			defaultConfigurationIsVisible = 0;
			defaultConfigurationName = Release;
		};
		07A369581EEF04B900103EF2 /* Build configuration list for PBXNativeTarget "shifter" */ = {
			isa = XCConfigurationList;
			buildConfigurations = (
				07A369591EEF04B900103EF2 /* Debug */,
				07A3695A1EEF04B900103EF2 /* Release */,
			);
			defaultConfigurationIsVisible = 0;
		};
/* End XCConfigurationList section */
	};
	rootObject = 0701A2951EEE005900E0D9E4 /* Project object */;
}
