// !$*UTF8*$!
{
	archiveVersion = 1;
	classes = {
	};
	objectVersion = 46;
	objects = {

/* Begin PBXBuildFile section */
		07A3696C1EEF1C2000103EF2 /* main.m in Sources */ = {isa = PBXBuildFile; fileRef = 07A3696B1EEF1C2000103EF2 /* main.m */; };
		07A369741EEF1CE800103EF2 /* CoreBrightness.framework in Frameworks */ = {isa = PBXBuildFile; fileRef = 07A369731EEF1CE800103EF2 /* CoreBrightness.framework */; };
		07A369771EEF1D1F00103EF2 /* NightShifterCommandLine.m in Sources */ = {isa = PBXBuildFile; fileRef = 07A369761EEF1D1F00103EF2 /* NightShifterCommandLine.m */; };
/* End PBXBuildFile section */

/* Begin PBXCopyFilesBuildPhase section */
		07A369661EEF1C2000103EF2 /* CopyFiles */ = {
			isa = PBXCopyFilesBuildPhase;
			buildActionMask = 2147483647;
			dstPath = /usr/share/man/man1/;
			dstSubfolderSpec = 0;
			files = (
			);
			runOnlyForDeploymentPostprocessing = 1;
		};
/* End PBXCopyFilesBuildPhase section */

/* Begin PBXFileReference section */
		07A369681EEF1C2000103EF2 /* shifter */ = {isa = PBXFileReference; explicitFileType = "compiled.mach-o.executable"; includeInIndex = 0; path = shifter; sourceTree = BUILT_PRODUCTS_DIR; };
		07A3696B1EEF1C2000103EF2 /* main.m */ = {isa = PBXFileReference; lastKnownFileType = sourcecode.c.objc; path = main.m; sourceTree = "<group>"; };
		07A369731EEF1CE800103EF2 /* CoreBrightness.framework */ = {isa = PBXFileReference; lastKnownFileType = wrapper.framework; name = CoreBrightness.framework; path = ../../../../../System/Library/PrivateFrameworks/CoreBrightness.framework; sourceTree = "<group>"; };
		07A369751EEF1D1F00103EF2 /* NightShifterCommandLine.h */ = {isa = PBXFileReference; fileEncoding = 4; lastKnownFileType = sourcecode.c.h; path = NightShifterCommandLine.h; sourceTree = SOURCE_ROOT; };
		07A369761EEF1D1F00103EF2 /* NightShifterCommandLine.m */ = {isa = PBXFileReference; fileEncoding = 4; lastKnownFileType = sourcecode.c.objc; path = NightShifterCommandLine.m; sourceTree = SOURCE_ROOT; };
		07A369781EEF1D3A00103EF2 /* CBBlueLightClient.h */ = {isa = PBXFileReference; fileEncoding = 4; lastKnownFileType = sourcecode.c.h; name = CBBlueLightClient.h; path = ../../CBBlueLightClient.h; sourceTree = "<group>"; };
/* End PBXFileReference section */

/* Begin PBXFrameworksBuildPhase section */
		07A369651EEF1C2000103EF2 /* Frameworks */ = {
			isa = PBXFrameworksBuildPhase;
			buildActionMask = 2147483647;
			files = (
				07A369741EEF1CE800103EF2 /* CoreBrightness.framework in Frameworks */,
			);
			runOnlyForDeploymentPostprocessing = 0;
		};
/* End PBXFrameworksBuildPhase section */

/* Begin PBXGroup section */
		07A3695F1EEF1C2000103EF2 = {
			isa = PBXGroup;
			children = (
				07A3696A1EEF1C2000103EF2 /* shifter */,
				07A369691EEF1C2000103EF2 /* Products */,
				07A369721EEF1CE800103EF2 /* Frameworks */,
			);
			sourceTree = "<group>";
		};
		07A369691EEF1C2000103EF2 /* Products */ = {
			isa = PBXGroup;
			children = (
				07A369681EEF1C2000103EF2 /* shifter */,
			);
			name = Products;
			sourceTree = "<group>";
		};
		07A3696A1EEF1C2000103EF2 /* shifter */ = {
			isa = PBXGroup;
			children = (
				07A369781EEF1D3A00103EF2 /* CBBlueLightClient.h */,
				07A369751EEF1D1F00103EF2 /* NightShifterCommandLine.h */,
				07A369761EEF1D1F00103EF2 /* NightShifterCommandLine.m */,
				07A3696B1EEF1C2000103EF2 /* main.m */,
			);
			path = shifter;
			sourceTree = "<group>";
		};
		07A369721EEF1CE800103EF2 /* Frameworks */ = {
			isa = PBXGroup;
			children = (
				07A369731EEF1CE800103EF2 /* CoreBrightness.framework */,
			);
			name = Frameworks;
			sourceTree = "<group>";
		};
/* End PBXGroup section */

/* Begin PBXNativeTarget section */
		07A369671EEF1C2000103EF2 /* shifter */ = {
			isa = PBXNativeTarget;
			buildConfigurationList = 07A3696F1EEF1C2000103EF2 /* Build configuration list for PBXNativeTarget "shifter" */;
			buildPhases = (
				07A369641EEF1C2000103EF2 /* Sources */,
				07A369651EEF1C2000103EF2 /* Frameworks */,
				07A369661EEF1C2000103EF2 /* CopyFiles */,
			);
			buildRules = (
			);
			dependencies = (
			);
			name = shifter;
			productName = shifter;
			productReference = 07A369681EEF1C2000103EF2 /* shifter */;
			productType = "com.apple.product-type.tool";
		};
/* End PBXNativeTarget section */

/* Begin PBXProject section */
		07A369601EEF1C2000103EF2 /* Project object */ = {
			isa = PBXProject;
			attributes = {
				LastUpgradeCheck = 0830;
				ORGANIZATIONNAME = "Eric Lanini";
				TargetAttributes = {
					07A369671EEF1C2000103EF2 = {
						CreatedOnToolsVersion = 8.3.2;
						DevelopmentTeam = L6ZT8BRWQB;
						ProvisioningStyle = Automatic;
					};
				};
			};
			buildConfigurationList = 07A369631EEF1C2000103EF2 /* Build configuration list for PBXProject "shifter" */;
			compatibilityVersion = "Xcode 3.2";
			developmentRegion = English;
			hasScannedForEncodings = 0;
			knownRegions = (
				en,
			);
			mainGroup = 07A3695F1EEF1C2000103EF2;
			productRefGroup = 07A369691EEF1C2000103EF2 /* Products */;
			projectDirPath = "";
			projectRoot = "";
			targets = (
				07A369671EEF1C2000103EF2 /* shifter */,
			);
		};
/* End PBXProject section */

/* Begin PBXSourcesBuildPhase section */
		07A369641EEF1C2000103EF2 /* Sources */ = {
			isa = PBXSourcesBuildPhase;
			buildActionMask = 2147483647;
			files = (
				07A369771EEF1D1F00103EF2 /* NightShifterCommandLine.m in Sources */,
				07A3696C1EEF1C2000103EF2 /* main.m in Sources */,
			);
			runOnlyForDeploymentPostprocessing = 0;
		};
/* End PBXSourcesBuildPhase section */

/* Begin XCBuildConfiguration section */
		07A3696D1EEF1C2000103EF2 /* Debug */ = {
			isa = XCBuildConfiguration;
			buildSettings = {
				ALWAYS_SEARCH_USER_PATHS = NO;
				CLANG_ANALYZER_NONNULL = YES;
				CLANG_ANALYZER_NUMBER_OBJECT_CONVERSION = YES_AGGRESSIVE;
				CLANG_CXX_LANGUAGE_STANDARD = "gnu++0x";
				CLANG_CXX_LIBRARY = "libc++";
				CLANG_ENABLE_MODULES = YES;
				CLANG_ENABLE_OBJC_ARC = YES;
				CLANG_WARN_BOOL_CONVERSION = YES;
				CLANG_WARN_CONSTANT_CONVERSION = YES;
				CLANG_WARN_DIRECT_OBJC_ISA_USAGE = YES_ERROR;
				CLANG_WARN_DOCUMENTATION_COMMENTS = YES;
				CLANG_WARN_EMPTY_BODY = YES;
				CLANG_WARN_ENUM_CONVERSION = YES;
				CLANG_WARN_INFINITE_RECURSION = YES;
				CLANG_WARN_INT_CONVERSION = YES;
				CLANG_WARN_OBJC_ROOT_CLASS = YES_ERROR;
				CLANG_WARN_SUSPICIOUS_MOVE = YES;
				CLANG_WARN_UNREACHABLE_CODE = YES;
				CLANG_WARN__DUPLICATE_METHOD_MATCH = YES;
				CODE_SIGN_IDENTITY = "-";
				COPY_PHASE_STRIP = NO;
				DEBUG_INFORMATION_FORMAT = dwarf;
				ENABLE_STRICT_OBJC_MSGSEND = YES;
				ENABLE_TESTABILITY = YES;
				GCC_C_LANGUAGE_STANDARD = gnu99;
				GCC_DYNAMIC_NO_PIC = NO;
				GCC_NO_COMMON_BLOCKS = YES;
				GCC_OPTIMIZATION_LEVEL = 0;
				GCC_PREPROCESSOR_DEFINITIONS = (
					"DEBUG=1",
					"$(inherited)",
				);
				GCC_WARN_64_TO_32_BIT_CONVERSION = YES;
				GCC_WARN_ABOUT_RETURN_TYPE = YES_ERROR;
				GCC_WARN_UNDECLARED_SELECTOR = YES;
				GCC_WARN_UNINITIALIZED_AUTOS = YES_AGGRESSIVE;
				GCC_WARN_UNUSED_FUNCTION = YES;
				GCC_WARN_UNUSED_VARIABLE = YES;
				MACOSX_DEPLOYMENT_TARGET = 10.12;
				MTL_ENABLE_DEBUG_INFO = YES;
				ONLY_ACTIVE_ARCH = YES;
				SDKROOT = macosx;
			};
			name = Debug;
		};
		07A3696E1EEF1C2000103EF2 /* Release */ = {
			isa = XCBuildConfiguration;
			buildSettings = {
				ALWAYS_SEARCH_USER_PATHS = NO;
				CLANG_ANALYZER_NONNULL = YES;
				CLANG_ANALYZER_NUMBER_OBJECT_CONVERSION = YES_AGGRESSIVE;
				CLANG_CXX_LANGUAGE_STANDARD = "gnu++0x";
				CLANG_CXX_LIBRARY = "libc++";
				CLANG_ENABLE_MODULES = YES;
				CLANG_ENABLE_OBJC_ARC = YES;
				CLANG_WARN_BOOL_CONVERSION = YES;
				CLANG_WARN_CONSTANT_CONVERSION = YES;
				CLANG_WARN_DIRECT_OBJC_ISA_USAGE = YES_ERROR;
				CLANG_WARN_DOCUMENTATION_COMMENTS = YES;
				CLANG_WARN_EMPTY_BODY = YES;
				CLANG_WARN_ENUM_CONVERSION = YES;
				CLANG_WARN_INFINITE_RECURSION = YES;
				CLANG_WARN_INT_CONVERSION = YES;
				CLANG_WARN_OBJC_ROOT_CLASS = YES_ERROR;
				CLANG_WARN_SUSPICIOUS_MOVE = YES;
				CLANG_WARN_UNREACHABLE_CODE = YES;
				CLANG_WARN__DUPLICATE_METHOD_MATCH = YES;
				CODE_SIGN_IDENTITY = "-";
				COPY_PHASE_STRIP = NO;
				DEBUG_INFORMATION_FORMAT = "dwarf-with-dsym";
				ENABLE_NS_ASSERTIONS = NO;
				ENABLE_STRICT_OBJC_MSGSEND = YES;
				GCC_C_LANGUAGE_STANDARD = gnu99;
				GCC_NO_COMMON_BLOCKS = YES;
				GCC_WARN_64_TO_32_BIT_CONVERSION = YES;
				GCC_WARN_ABOUT_RETURN_TYPE = YES_ERROR;
				GCC_WARN_UNDECLARED_SELECTOR = YES;
				GCC_WARN_UNINITIALIZED_AUTOS = YES_AGGRESSIVE;
				GCC_WARN_UNUSED_FUNCTION = YES;
				GCC_WARN_UNUSED_VARIABLE = YES;
				MACOSX_DEPLOYMENT_TARGET = 10.12;
				MTL_ENABLE_DEBUG_INFO = NO;
				SDKROOT = macosx;
			};
			name = Release;
		};
		07A369701EEF1C2000103EF2 /* Debug */ = {
			isa = XCBuildConfiguration;
			buildSettings = {
				DEVELOPMENT_TEAM = L6ZT8BRWQB;
				FRAMEWORK_SEARCH_PATHS = (
					"$(inherited)",
					"$(SYSTEM_LIBRARY_DIR)/PrivateFrameworks",
				);
				PRODUCT_NAME = "$(TARGET_NAME)";
			};
			name = Debug;
		};
		07A369711EEF1C2000103EF2 /* Release */ = {
			isa = XCBuildConfiguration;
			buildSettings = {
				DEVELOPMENT_TEAM = L6ZT8BRWQB;
				FRAMEWORK_SEARCH_PATHS = (
					"$(inherited)",
					"$(SYSTEM_LIBRARY_DIR)/PrivateFrameworks",
				);
				PRODUCT_NAME = "$(TARGET_NAME)";
			};
			name = Release;
		};
/* End XCBuildConfiguration section */

/* Begin XCConfigurationList section */
		07A369631EEF1C2000103EF2 /* Build configuration list for PBXProject "shifter" */ = {
			isa = XCConfigurationList;
			buildConfigurations = (
				07A3696D1EEF1C2000103EF2 /* Debug */,
				07A3696E1EEF1C2000103EF2 /* Release */,
			);
			defaultConfigurationIsVisible = 0;
			defaultConfigurationName = Release;
		};
		07A3696F1EEF1C2000103EF2 /* Build configuration list for PBXNativeTarget "shifter" */ = {
			isa = XCConfigurationList;
			buildConfigurations = (
				07A369701EEF1C2000103EF2 /* Debug */,
				07A369711EEF1C2000103EF2 /* Release */,
			);
			defaultConfigurationIsVisible = 0;
			defaultConfigurationName = Release;
		};
/* End XCConfigurationList section */
	};
	rootObject = 07A369601EEF1C2000103EF2 /* Project object */;
}
